
Microsoft Visual Studio Solution File, Format Version 12.00
# Visual Studio Version 16
VisualStudioVersion = 16.0.30114.105
MinimumVisualStudioVersion = 10.0.40219.1
Project("{2150E333-8FDC-42A3-9474-1A3956D46DE8}") = "src", "src", "{B32A2EAC-A5F6-4EAD-8916-DF4DFF36D9C7}"
EndProject
Project("{FAE04EC0-301F-11D3-BF4B-00C04F79EFBC}") = "Yoda.Services.Customer", "src\Yoda.Services.Customer\Yoda.Services.Customer.csproj", "{F70232BD-59F2-4B44-8D83-C362E709FFFE}"
EndProject
Project("{FAE04EC0-301F-11D3-BF4B-00C04F79EFBC}") = "Yoda.Services.MiniGame", "src\Yoda.Services.MiniGame\Yoda.Services.MiniGame.csproj", "{5AD4F775-84D9-4D8B-B4FB-4AE2786AEECE}"
EndProject
Global
	GlobalSection(SolutionConfigurationPlatforms) = preSolution
		Debug|Any CPU = Debug|Any CPU
		Release|Any CPU = Release|Any CPU
	EndGlobalSection
	GlobalSection(SolutionProperties) = preSolution
		HideSolutionNode = FALSE
	EndGlobalSection
	GlobalSection(ProjectConfigurationPlatforms) = postSolution
		{F70232BD-59F2-4B44-8D83-C362E709FFFE}.Debug|Any CPU.ActiveCfg = Debug|Any CPU
		{F70232BD-59F2-4B44-8D83-C362E709FFFE}.Debug|Any CPU.Build.0 = Debug|Any CPU
		{F70232BD-59F2-4B44-8D83-C362E709FFFE}.Release|Any CPU.ActiveCfg = Release|Any CPU
		{F70232BD-59F2-4B44-8D83-C362E709FFFE}.Release|Any CPU.Build.0 = Release|Any CPU
		{5AD4F775-84D9-4D8B-B4FB-4AE2786AEECE}.Debug|Any CPU.ActiveCfg = Debug|Any CPU
		{5AD4F775-84D9-4D8B-B4FB-4AE2786AEECE}.Debug|Any CPU.Build.0 = Debug|Any CPU
		{5AD4F775-84D9-4D8B-B4FB-4AE2786AEECE}.Release|Any CPU.ActiveCfg = Release|Any CPU
		{5AD4F775-84D9-4D8B-B4FB-4AE2786AEECE}.Release|Any CPU.Build.0 = Release|Any CPU
	EndGlobalSection
	GlobalSection(NestedProjects) = preSolution
		{F70232BD-59F2-4B44-8D83-C362E709FFFE} = {B32A2EAC-A5F6-4EAD-8916-DF4DFF36D9C7}
		{5AD4F775-84D9-4D8B-B4FB-4AE2786AEECE} = {B32A2EAC-A5F6-4EAD-8916-DF4DFF36D9C7}
	EndGlobalSection
EndGlobal
