
Microsoft Visual Studio Solution File, Format Version 12.00
# Visual Studio Version 16
VisualStudioVersion = 16.0.30114.105
MinimumVisualStudioVersion = 10.0.40219.1
Project("{2150E333-8FDC-42A3-9474-1A3956D46DE8}") = "src", "src", "{C02EE5C4-818D-4802-A1B8-6B3C62CF88C6}"
EndProject
Project("{FAE04EC0-301F-11D3-BF4B-00C04F79EFBC}") = "Yoda.Services", "src\Yoda.Services\Yoda.Services.csproj", "{2DE1273B-831A-4B6E-9E9C-ECFBF7764AB3}"
EndProject
Global
	GlobalSection(SolutionConfigurationPlatforms) = preSolution
		Debug|Any CPU = Debug|Any CPU
		Release|Any CPU = Release|Any CPU
	EndGlobalSection
	GlobalSection(SolutionProperties) = preSolution
		HideSolutionNode = FALSE
	EndGlobalSection
	GlobalSection(ProjectConfigurationPlatforms) = postSolution
		{2DE1273B-831A-4B6E-9E9C-ECFBF7764AB3}.Debug|Any CPU.ActiveCfg = Debug|Any CPU
		{2DE1273B-831A-4B6E-9E9C-ECFBF7764AB3}.Debug|Any CPU.Build.0 = Debug|Any CPU
		{2DE1273B-831A-4B6E-9E9C-ECFBF7764AB3}.Release|Any CPU.ActiveCfg = Release|Any CPU
		{2DE1273B-831A-4B6E-9E9C-ECFBF7764AB3}.Release|Any CPU.Build.0 = Release|Any CPU
	EndGlobalSection
	GlobalSection(NestedProjects) = preSolution
		{2DE1273B-831A-4B6E-9E9C-ECFBF7764AB3} = {C02EE5C4-818D-4802-A1B8-6B3C62CF88C6}
	EndGlobalSection
EndGlobal
